// !$*UTF8*$!
{
	archiveVersion = 1;
	classes = {
	};
	objectVersion = 56;
	objects = {

/* Begin PBXBuildFile section */
		D466A25B2C170C8700AA2954 /* AppDelegate.swift in Sources */ = {isa = PBXBuildFile; fileRef = D466A25A2C170C8700AA2954 /* AppDelegate.swift */; };
		D466A25D2C170C8700AA2954 /* SceneDelegate.swift in Sources */ = {isa = PBXBuildFile; fileRef = D466A25C2C170C8700AA2954 /* SceneDelegate.swift */; };
		D466A25F2C170C8700AA2954 /* ViewController.swift in Sources */ = {isa = PBXBuildFile; fileRef = D466A25E2C170C8700AA2954 /* ViewController.swift */; };
		D466A2642C170C8900AA2954 /* Assets.xcassets in Resources */ = {isa = PBXBuildFile; fileRef = D466A2632C170C8900AA2954 /* Assets.xcassets */; };
		D466A2672C170C8900AA2954 /* Base in Resources */ = {isa = PBXBuildFile; fileRef = D466A2662C170C8900AA2954 /* Base */; };
		D466A2702C170CCD00AA2954 /* SnapKit in Frameworks */ = {isa = PBXBuildFile; productRef = D466A26F2C170CCD00AA2954 /* SnapKit */; };
		D466A2732C170CD400AA2954 /* Alamofire in Frameworks */ = {isa = PBXBuildFile; productRef = D466A2722C170CD400AA2954 /* Alamofire */; };
		D466A2762C170CE000AA2954 /* Kingfisher in Frameworks */ = {isa = PBXBuildFile; productRef = D466A2752C170CE000AA2954 /* Kingfisher */; };
		D466A2782C170D4800AA2954 /* .gitignore in Resources */ = {isa = PBXBuildFile; fileRef = D466A2772C170D4800AA2954 /* .gitignore */; };
		D466A27A2C170D7200AA2954 /* APIKey.swift in Sources */ = {isa = PBXBuildFile; fileRef = D466A2792C170D7200AA2954 /* APIKey.swift */; };
		D466A27C2C170E2800AA2954 /* TrendTableViewCell.swift in Sources */ = {isa = PBXBuildFile; fileRef = D466A27B2C170E2800AA2954 /* TrendTableViewCell.swift */; };
		D466A27F2C170E5000AA2954 /* Basic+Ex.swift in Sources */ = {isa = PBXBuildFile; fileRef = D466A27E2C170E5000AA2954 /* Basic+Ex.swift */; };
		D466A2812C170FA000AA2954 /* Trend.swift in Sources */ = {isa = PBXBuildFile; fileRef = D466A2802C170FA000AA2954 /* Trend.swift */; };
		D466A2832C17193300AA2954 /* UIImage+Ex.swift in Sources */ = {isa = PBXBuildFile; fileRef = D466A2822C17193300AA2954 /* UIImage+Ex.swift */; };
		D466A2852C17381A00AA2954 /* UILabel+Ex.swift in Sources */ = {isa = PBXBuildFile; fileRef = D466A2842C17381A00AA2954 /* UILabel+Ex.swift */; };
		D466A2872C1750B400AA2954 /* Double+Ex.swift in Sources */ = {isa = PBXBuildFile; fileRef = D466A2862C1750B400AA2954 /* Double+Ex.swift */; };
		D466A2892C175ACD00AA2954 /* DetailViewController.swift in Sources */ = {isa = PBXBuildFile; fileRef = D466A2882C175ACD00AA2954 /* DetailViewController.swift */; };
		D466A28D2C175F9700AA2954 /* DetailTableViewCell.swift in Sources */ = {isa = PBXBuildFile; fileRef = D466A28C2C175F9700AA2954 /* DetailTableViewCell.swift */; };
/* End PBXBuildFile section */

/* Begin PBXFileReference section */
		D466A2572C170C8700AA2954 /* WeekTrend.app */ = {isa = PBXFileReference; explicitFileType = wrapper.application; includeInIndex = 0; path = WeekTrend.app; sourceTree = BUILT_PRODUCTS_DIR; };
		D466A25A2C170C8700AA2954 /* AppDelegate.swift */ = {isa = PBXFileReference; lastKnownFileType = sourcecode.swift; path = AppDelegate.swift; sourceTree = "<group>"; };
		D466A25C2C170C8700AA2954 /* SceneDelegate.swift */ = {isa = PBXFileReference; lastKnownFileType = sourcecode.swift; path = SceneDelegate.swift; sourceTree = "<group>"; };
		D466A25E2C170C8700AA2954 /* ViewController.swift */ = {isa = PBXFileReference; lastKnownFileType = sourcecode.swift; path = ViewController.swift; sourceTree = "<group>"; };
		D466A2632C170C8900AA2954 /* Assets.xcassets */ = {isa = PBXFileReference; lastKnownFileType = folder.assetcatalog; path = Assets.xcassets; sourceTree = "<group>"; };
		D466A2662C170C8900AA2954 /* Base */ = {isa = PBXFileReference; lastKnownFileType = file.storyboard; name = Base; path = Base.lproj/LaunchScreen.storyboard; sourceTree = "<group>"; };
		D466A2682C170C8900AA2954 /* Info.plist */ = {isa = PBXFileReference; lastKnownFileType = text.plist.xml; path = Info.plist; sourceTree = "<group>"; };
		D466A2772C170D4800AA2954 /* .gitignore */ = {isa = PBXFileReference; lastKnownFileType = text; path = .gitignore; sourceTree = "<group>"; };
		D466A2792C170D7200AA2954 /* APIKey.swift */ = {isa = PBXFileReference; lastKnownFileType = sourcecode.swift; path = APIKey.swift; sourceTree = "<group>"; };
		D466A27B2C170E2800AA2954 /* TrendTableViewCell.swift */ = {isa = PBXFileReference; lastKnownFileType = sourcecode.swift; path = TrendTableViewCell.swift; sourceTree = "<group>"; };
		D466A27E2C170E5000AA2954 /* Basic+Ex.swift */ = {isa = PBXFileReference; lastKnownFileType = sourcecode.swift; path = "Basic+Ex.swift"; sourceTree = "<group>"; };
		D466A2802C170FA000AA2954 /* Trend.swift */ = {isa = PBXFileReference; lastKnownFileType = sourcecode.swift; path = Trend.swift; sourceTree = "<group>"; };
		D466A2822C17193300AA2954 /* UIImage+Ex.swift */ = {isa = PBXFileReference; lastKnownFileType = sourcecode.swift; path = "UIImage+Ex.swift"; sourceTree = "<group>"; };
		D466A2842C17381A00AA2954 /* UILabel+Ex.swift */ = {isa = PBXFileReference; lastKnownFileType = sourcecode.swift; path = "UILabel+Ex.swift"; sourceTree = "<group>"; };
		D466A2862C1750B400AA2954 /* Double+Ex.swift */ = {isa = PBXFileReference; lastKnownFileType = sourcecode.swift; path = "Double+Ex.swift"; sourceTree = "<group>"; };
		D466A2882C175ACD00AA2954 /* DetailViewController.swift */ = {isa = PBXFileReference; lastKnownFileType = sourcecode.swift; path = DetailViewController.swift; sourceTree = "<group>"; };
		D466A28C2C175F9700AA2954 /* DetailTableViewCell.swift */ = {isa = PBXFileReference; lastKnownFileType = sourcecode.swift; path = DetailTableViewCell.swift; sourceTree = "<group>"; };
/* End PBXFileReference section */

/* Begin PBXFrameworksBuildPhase section */
		D466A2542C170C8700AA2954 /* Frameworks */ = {
			isa = PBXFrameworksBuildPhase;
			buildActionMask = 2147483647;
			files = (
				D466A2762C170CE000AA2954 /* Kingfisher in Frameworks */,
				D466A2702C170CCD00AA2954 /* SnapKit in Frameworks */,
				D466A2732C170CD400AA2954 /* Alamofire in Frameworks */,
			);
			runOnlyForDeploymentPostprocessing = 0;
		};
/* End PBXFrameworksBuildPhase section */

/* Begin PBXGroup section */
		D466A24E2C170C8700AA2954 = {
			isa = PBXGroup;
			children = (
				D466A2772C170D4800AA2954 /* .gitignore */,
				D466A2592C170C8700AA2954 /* WeekTrend */,
				D466A2582C170C8700AA2954 /* Products */,
			);
			sourceTree = "<group>";
		};
		D466A2582C170C8700AA2954 /* Products */ = {
			isa = PBXGroup;
			children = (
				D466A2572C170C8700AA2954 /* WeekTrend.app */,
			);
			name = Products;
			sourceTree = "<group>";
		};
		D466A2592C170C8700AA2954 /* WeekTrend */ = {
			isa = PBXGroup;
			children = (
				D466A25A2C170C8700AA2954 /* AppDelegate.swift */,
				D466A25C2C170C8700AA2954 /* SceneDelegate.swift */,
				D466A28A2C175F6500AA2954 /* MainView */,
				D466A28B2C175F7700AA2954 /* DetailView */,
				D466A2792C170D7200AA2954 /* APIKey.swift */,
				D466A2802C170FA000AA2954 /* Trend.swift */,
				D466A27D2C170E2D00AA2954 /* Extensions */,
				D466A2632C170C8900AA2954 /* Assets.xcassets */,
				D466A2652C170C8900AA2954 /* LaunchScreen.storyboard */,
				D466A2682C170C8900AA2954 /* Info.plist */,
			);
			path = WeekTrend;
			sourceTree = "<group>";
		};
		D466A27D2C170E2D00AA2954 /* Extensions */ = {
			isa = PBXGroup;
			children = (
				D466A27E2C170E5000AA2954 /* Basic+Ex.swift */,
				D466A2822C17193300AA2954 /* UIImage+Ex.swift */,
				D466A2842C17381A00AA2954 /* UILabel+Ex.swift */,
				D466A2862C1750B400AA2954 /* Double+Ex.swift */,
			);
			path = Extensions;
			sourceTree = "<group>";
		};
		D466A28A2C175F6500AA2954 /* MainView */ = {
			isa = PBXGroup;
			children = (
				D466A25E2C170C8700AA2954 /* ViewController.swift */,
				D466A27B2C170E2800AA2954 /* TrendTableViewCell.swift */,
			);
			path = MainView;
			sourceTree = "<group>";
		};
		D466A28B2C175F7700AA2954 /* DetailView */ = {
			isa = PBXGroup;
			children = (
				D466A2882C175ACD00AA2954 /* DetailViewController.swift */,
				D466A28C2C175F9700AA2954 /* DetailTableViewCell.swift */,
			);
			path = DetailView;
			sourceTree = "<group>";
		};
/* End PBXGroup section */

/* Begin PBXNativeTarget section */
		D466A2562C170C8700AA2954 /* WeekTrend */ = {
			isa = PBXNativeTarget;
			buildConfigurationList = D466A26B2C170C8900AA2954 /* Build configuration list for PBXNativeTarget "WeekTrend" */;
			buildPhases = (
				D466A2532C170C8700AA2954 /* Sources */,
				D466A2542C170C8700AA2954 /* Frameworks */,
				D466A2552C170C8700AA2954 /* Resources */,
			);
			buildRules = (
			);
			dependencies = (
			);
			name = WeekTrend;
			packageProductDependencies = (
				D466A26F2C170CCD00AA2954 /* SnapKit */,
				D466A2722C170CD400AA2954 /* Alamofire */,
				D466A2752C170CE000AA2954 /* Kingfisher */,
			);
			productName = WeekTrend;
			productReference = D466A2572C170C8700AA2954 /* WeekTrend.app */;
			productType = "com.apple.product-type.application";
		};
/* End PBXNativeTarget section */

/* Begin PBXProject section */
		D466A24F2C170C8700AA2954 /* Project object */ = {
			isa = PBXProject;
			attributes = {
				BuildIndependentTargetsInParallel = 1;
				LastSwiftUpdateCheck = 1540;
				LastUpgradeCheck = 1540;
				TargetAttributes = {
					D466A2562C170C8700AA2954 = {
						CreatedOnToolsVersion = 15.4;
					};
				};
			};
			buildConfigurationList = D466A2522C170C8700AA2954 /* Build configuration list for PBXProject "WeekTrend" */;
			compatibilityVersion = "Xcode 14.0";
			developmentRegion = en;
			hasScannedForEncodings = 0;
			knownRegions = (
				en,
				Base,
			);
			mainGroup = D466A24E2C170C8700AA2954;
			packageReferences = (
				D466A26E2C170CCD00AA2954 /* XCRemoteSwiftPackageReference "SnapKit" */,
				D466A2712C170CD400AA2954 /* XCRemoteSwiftPackageReference "Alamofire" */,
				D466A2742C170CE000AA2954 /* XCRemoteSwiftPackageReference "Kingfisher" */,
			);
			productRefGroup = D466A2582C170C8700AA2954 /* Products */;
			projectDirPath = "";
			projectRoot = "";
			targets = (
				D466A2562C170C8700AA2954 /* WeekTrend */,
			);
		};
/* End PBXProject section */

/* Begin PBXResourcesBuildPhase section */
		D466A2552C170C8700AA2954 /* Resources */ = {
			isa = PBXResourcesBuildPhase;
			buildActionMask = 2147483647;
			files = (
				D466A2642C170C8900AA2954 /* Assets.xcassets in Resources */,
				D466A2782C170D4800AA2954 /* .gitignore in Resources */,
				D466A2672C170C8900AA2954 /* Base in Resources */,
			);
			runOnlyForDeploymentPostprocessing = 0;
		};
/* End PBXResourcesBuildPhase section */

/* Begin PBXSourcesBuildPhase section */
		D466A2532C170C8700AA2954 /* Sources */ = {
			isa = PBXSourcesBuildPhase;
			buildActionMask = 2147483647;
			files = (
				D466A2892C175ACD00AA2954 /* DetailViewController.swift in Sources */,
				D466A25F2C170C8700AA2954 /* ViewController.swift in Sources */,
				D466A2872C1750B400AA2954 /* Double+Ex.swift in Sources */,
				D466A27C2C170E2800AA2954 /* TrendTableViewCell.swift in Sources */,
				D466A2852C17381A00AA2954 /* UILabel+Ex.swift in Sources */,
				D466A25B2C170C8700AA2954 /* AppDelegate.swift in Sources */,
				D466A28D2C175F9700AA2954 /* DetailTableViewCell.swift in Sources */,
				D466A2812C170FA000AA2954 /* Trend.swift in Sources */,
				D466A2832C17193300AA2954 /* UIImage+Ex.swift in Sources */,
				D466A27F2C170E5000AA2954 /* Basic+Ex.swift in Sources */,
				D466A27A2C170D7200AA2954 /* APIKey.swift in Sources */,
				D466A25D2C170C8700AA2954 /* SceneDelegate.swift in Sources */,
			);
			runOnlyForDeploymentPostprocessing = 0;
		};
/* End PBXSourcesBuildPhase section */

/* Begin PBXVariantGroup section */
		D466A2652C170C8900AA2954 /* LaunchScreen.storyboard */ = {
			isa = PBXVariantGroup;
			children = (
				D466A2662C170C8900AA2954 /* Base */,
			);
			name = LaunchScreen.storyboard;
			sourceTree = "<group>";
		};
/* End PBXVariantGroup section */

/* Begin XCBuildConfiguration section */
		D466A2692C170C8900AA2954 /* Debug */ = {
			isa = XCBuildConfiguration;
			buildSettings = {
				ALWAYS_SEARCH_USER_PATHS = NO;
				ASSETCATALOG_COMPILER_GENERATE_SWIFT_ASSET_SYMBOL_EXTENSIONS = YES;
				CLANG_ANALYZER_NONNULL = YES;
				CLANG_ANALYZER_NUMBER_OBJECT_CONVERSION = YES_AGGRESSIVE;
				CLANG_CXX_LANGUAGE_STANDARD = "gnu++20";
				CLANG_ENABLE_MODULES = YES;
				CLANG_ENABLE_OBJC_ARC = YES;
				CLANG_ENABLE_OBJC_WEAK = YES;
				CLANG_WARN_BLOCK_CAPTURE_AUTORELEASING = YES;
				CLANG_WARN_BOOL_CONVERSION = YES;
				CLANG_WARN_COMMA = YES;
				CLANG_WARN_CONSTANT_CONVERSION = YES;
				CLANG_WARN_DEPRECATED_OBJC_IMPLEMENTATIONS = YES;
				CLANG_WARN_DIRECT_OBJC_ISA_USAGE = YES_ERROR;
				CLANG_WARN_DOCUMENTATION_COMMENTS = YES;
				CLANG_WARN_EMPTY_BODY = YES;
				CLANG_WARN_ENUM_CONVERSION = YES;
				CLANG_WARN_INFINITE_RECURSION = YES;
				CLANG_WARN_INT_CONVERSION = YES;
				CLANG_WARN_NON_LITERAL_NULL_CONVERSION = YES;
				CLANG_WARN_OBJC_IMPLICIT_RETAIN_SELF = YES;
				CLANG_WARN_OBJC_LITERAL_CONVERSION = YES;
				CLANG_WARN_OBJC_ROOT_CLASS = YES_ERROR;
				CLANG_WARN_QUOTED_INCLUDE_IN_FRAMEWORK_HEADER = YES;
				CLANG_WARN_RANGE_LOOP_ANALYSIS = YES;
				CLANG_WARN_STRICT_PROTOTYPES = YES;
				CLANG_WARN_SUSPICIOUS_MOVE = YES;
				CLANG_WARN_UNGUARDED_AVAILABILITY = YES_AGGRESSIVE;
				CLANG_WARN_UNREACHABLE_CODE = YES;
				CLANG_WARN__DUPLICATE_METHOD_MATCH = YES;
				COPY_PHASE_STRIP = NO;
				DEBUG_INFORMATION_FORMAT = dwarf;
				ENABLE_STRICT_OBJC_MSGSEND = YES;
				ENABLE_TESTABILITY = YES;
				ENABLE_USER_SCRIPT_SANDBOXING = YES;
				GCC_C_LANGUAGE_STANDARD = gnu17;
				GCC_DYNAMIC_NO_PIC = NO;
				GCC_NO_COMMON_BLOCKS = YES;
				GCC_OPTIMIZATION_LEVEL = 0;
				GCC_PREPROCESSOR_DEFINITIONS = (
					"DEBUG=1",
					"$(inherited)",
				);
				GCC_WARN_64_TO_32_BIT_CONVERSION = YES;
				GCC_WARN_ABOUT_RETURN_TYPE = YES_ERROR;
				GCC_WARN_UNDECLARED_SELECTOR = YES;
				GCC_WARN_UNINITIALIZED_AUTOS = YES_AGGRESSIVE;
				GCC_WARN_UNUSED_FUNCTION = YES;
				GCC_WARN_UNUSED_VARIABLE = YES;
				IPHONEOS_DEPLOYMENT_TARGET = 17.5;
				LOCALIZATION_PREFERS_STRING_CATALOGS = YES;
				MTL_ENABLE_DEBUG_INFO = INCLUDE_SOURCE;
				MTL_FAST_MATH = YES;
				ONLY_ACTIVE_ARCH = YES;
				SDKROOT = iphoneos;
				SWIFT_ACTIVE_COMPILATION_CONDITIONS = "DEBUG $(inherited)";
				SWIFT_OPTIMIZATION_LEVEL = "-Onone";
			};
			name = Debug;
		};
		D466A26A2C170C8900AA2954 /* Release */ = {
			isa = XCBuildConfiguration;
			buildSettings = {
				ALWAYS_SEARCH_USER_PATHS = NO;
				ASSETCATALOG_COMPILER_GENERATE_SWIFT_ASSET_SYMBOL_EXTENSIONS = YES;
				CLANG_ANALYZER_NONNULL = YES;
				CLANG_ANALYZER_NUMBER_OBJECT_CONVERSION = YES_AGGRESSIVE;
				CLANG_CXX_LANGUAGE_STANDARD = "gnu++20";
				CLANG_ENABLE_MODULES = YES;
				CLANG_ENABLE_OBJC_ARC = YES;
				CLANG_ENABLE_OBJC_WEAK = YES;
				CLANG_WARN_BLOCK_CAPTURE_AUTORELEASING = YES;
				CLANG_WARN_BOOL_CONVERSION = YES;
				CLANG_WARN_COMMA = YES;
				CLANG_WARN_CONSTANT_CONVERSION = YES;
				CLANG_WARN_DEPRECATED_OBJC_IMPLEMENTATIONS = YES;
				CLANG_WARN_DIRECT_OBJC_ISA_USAGE = YES_ERROR;
				CLANG_WARN_DOCUMENTATION_COMMENTS = YES;
				CLANG_WARN_EMPTY_BODY = YES;
				CLANG_WARN_ENUM_CONVERSION = YES;
				CLANG_WARN_INFINITE_RECURSION = YES;
				CLANG_WARN_INT_CONVERSION = YES;
				CLANG_WARN_NON_LITERAL_NULL_CONVERSION = YES;
				CLANG_WARN_OBJC_IMPLICIT_RETAIN_SELF = YES;
				CLANG_WARN_OBJC_LITERAL_CONVERSION = YES;
				CLANG_WARN_OBJC_ROOT_CLASS = YES_ERROR;
				CLANG_WARN_QUOTED_INCLUDE_IN_FRAMEWORK_HEADER = YES;
				CLANG_WARN_RANGE_LOOP_ANALYSIS = YES;
				CLANG_WARN_STRICT_PROTOTYPES = YES;
				CLANG_WARN_SUSPICIOUS_MOVE = YES;
				CLANG_WARN_UNGUARDED_AVAILABILITY = YES_AGGRESSIVE;
				CLANG_WARN_UNREACHABLE_CODE = YES;
				CLANG_WARN__DUPLICATE_METHOD_MATCH = YES;
				COPY_PHASE_STRIP = NO;
				DEBUG_INFORMATION_FORMAT = "dwarf-with-dsym";
				ENABLE_NS_ASSERTIONS = NO;
				ENABLE_STRICT_OBJC_MSGSEND = YES;
				ENABLE_USER_SCRIPT_SANDBOXING = YES;
				GCC_C_LANGUAGE_STANDARD = gnu17;
				GCC_NO_COMMON_BLOCKS = YES;
				GCC_WARN_64_TO_32_BIT_CONVERSION = YES;
				GCC_WARN_ABOUT_RETURN_TYPE = YES_ERROR;
				GCC_WARN_UNDECLARED_SELECTOR = YES;
				GCC_WARN_UNINITIALIZED_AUTOS = YES_AGGRESSIVE;
				GCC_WARN_UNUSED_FUNCTION = YES;
				GCC_WARN_UNUSED_VARIABLE = YES;
				IPHONEOS_DEPLOYMENT_TARGET = 17.5;
				LOCALIZATION_PREFERS_STRING_CATALOGS = YES;
				MTL_ENABLE_DEBUG_INFO = NO;
				MTL_FAST_MATH = YES;
				SDKROOT = iphoneos;
				SWIFT_COMPILATION_MODE = wholemodule;
				VALIDATE_PRODUCT = YES;
			};
			name = Release;
		};
		D466A26C2C170C8900AA2954 /* Debug */ = {
			isa = XCBuildConfiguration;
			buildSettings = {
				ASSETCATALOG_COMPILER_APPICON_NAME = AppIcon;
				ASSETCATALOG_COMPILER_GLOBAL_ACCENT_COLOR_NAME = AccentColor;
				CODE_SIGN_STYLE = Automatic;
				CURRENT_PROJECT_VERSION = 1;
				DEVELOPMENT_TEAM = NWL6WKXWCJ;
				GENERATE_INFOPLIST_FILE = YES;
				INFOPLIST_FILE = WeekTrend/Info.plist;
				INFOPLIST_KEY_UIApplicationSupportsIndirectInputEvents = YES;
				INFOPLIST_KEY_UILaunchStoryboardName = LaunchScreen;
				INFOPLIST_KEY_UISupportedInterfaceOrientations = UIInterfaceOrientationPortrait;
				INFOPLIST_KEY_UISupportedInterfaceOrientations_iPad = "UIInterfaceOrientationLandscapeLeft UIInterfaceOrientationLandscapeRight UIInterfaceOrientationPortrait UIInterfaceOrientationPortraitUpsideDown";
				IPHONEOS_DEPLOYMENT_TARGET = 15.0;
				LD_RUNPATH_SEARCH_PATHS = (
					"$(inherited)",
					"@executable_path/Frameworks",
				);
				MARKETING_VERSION = 1.0;
				PRODUCT_BUNDLE_IDENTIFIER = com.Ray.WeekTrend;
				PRODUCT_NAME = "$(TARGET_NAME)";
				SUPPORTED_PLATFORMS = "iphoneos iphonesimulator";
				SUPPORTS_MACCATALYST = NO;
				SUPPORTS_MAC_DESIGNED_FOR_IPHONE_IPAD = NO;
				SUPPORTS_XR_DESIGNED_FOR_IPHONE_IPAD = NO;
				SWIFT_EMIT_LOC_STRINGS = YES;
				SWIFT_VERSION = 5.0;
				TARGETED_DEVICE_FAMILY = 1;
			};
			name = Debug;
		};
		D466A26D2C170C8900AA2954 /* Release */ = {
			isa = XCBuildConfiguration;
			buildSettings = {
				ASSETCATALOG_COMPILER_APPICON_NAME = AppIcon;
				ASSETCATALOG_COMPILER_GLOBAL_ACCENT_COLOR_NAME = AccentColor;
				CODE_SIGN_STYLE = Automatic;
				CURRENT_PROJECT_VERSION = 1;
				DEVELOPMENT_TEAM = NWL6WKXWCJ;
				GENERATE_INFOPLIST_FILE = YES;
				INFOPLIST_FILE = WeekTrend/Info.plist;
				INFOPLIST_KEY_UIApplicationSupportsIndirectInputEvents = YES;
				INFOPLIST_KEY_UILaunchStoryboardName = LaunchScreen;
				INFOPLIST_KEY_UISupportedInterfaceOrientations = UIInterfaceOrientationPortrait;
				INFOPLIST_KEY_UISupportedInterfaceOrientations_iPad = "UIInterfaceOrientationLandscapeLeft UIInterfaceOrientationLandscapeRight UIInterfaceOrientationPortrait UIInterfaceOrientationPortraitUpsideDown";
				IPHONEOS_DEPLOYMENT_TARGET = 15.0;
				LD_RUNPATH_SEARCH_PATHS = (
					"$(inherited)",
					"@executable_path/Frameworks",
				);
				MARKETING_VERSION = 1.0;
				PRODUCT_BUNDLE_IDENTIFIER = com.Ray.WeekTrend;
				PRODUCT_NAME = "$(TARGET_NAME)";
				SUPPORTED_PLATFORMS = "iphoneos iphonesimulator";
				SUPPORTS_MACCATALYST = NO;
				SUPPORTS_MAC_DESIGNED_FOR_IPHONE_IPAD = NO;
				SUPPORTS_XR_DESIGNED_FOR_IPHONE_IPAD = NO;
				SWIFT_EMIT_LOC_STRINGS = YES;
				SWIFT_VERSION = 5.0;
				TARGETED_DEVICE_FAMILY = 1;
			};
			name = Release;
		};
/* End XCBuildConfiguration section */

/* Begin XCConfigurationList section */
		D466A2522C170C8700AA2954 /* Build configuration list for PBXProject "WeekTrend" */ = {
			isa = XCConfigurationList;
			buildConfigurations = (
				D466A2692C170C8900AA2954 /* Debug */,
				D466A26A2C170C8900AA2954 /* Release */,
			);
			defaultConfigurationIsVisible = 0;
			defaultConfigurationName = Release;
		};
		D466A26B2C170C8900AA2954 /* Build configuration list for PBXNativeTarget "WeekTrend" */ = {
			isa = XCConfigurationList;
			buildConfigurations = (
				D466A26C2C170C8900AA2954 /* Debug */,
				D466A26D2C170C8900AA2954 /* Release */,
			);
			defaultConfigurationIsVisible = 0;
			defaultConfigurationName = Release;
		};
/* End XCConfigurationList section */

/* Begin XCRemoteSwiftPackageReference section */
		D466A26E2C170CCD00AA2954 /* XCRemoteSwiftPackageReference "SnapKit" */ = {
			isa = XCRemoteSwiftPackageReference;
			repositoryURL = "https://github.com/SnapKit/SnapKit.git";
			requirement = {
				kind = upToNextMajorVersion;
				minimumVersion = 5.7.1;
			};
		};
		D466A2712C170CD400AA2954 /* XCRemoteSwiftPackageReference "Alamofire" */ = {
			isa = XCRemoteSwiftPackageReference;
			repositoryURL = "https://github.com/Alamofire/Alamofire.git";
			requirement = {
				kind = upToNextMajorVersion;
				minimumVersion = 5.9.1;
			};
		};
		D466A2742C170CE000AA2954 /* XCRemoteSwiftPackageReference "Kingfisher" */ = {
			isa = XCRemoteSwiftPackageReference;
			repositoryURL = "https://github.com/onevcat/Kingfisher.git";
			requirement = {
				kind = upToNextMajorVersion;
				minimumVersion = 7.11.0;
			};
		};
/* End XCRemoteSwiftPackageReference section */

/* Begin XCSwiftPackageProductDependency section */
		D466A26F2C170CCD00AA2954 /* SnapKit */ = {
			isa = XCSwiftPackageProductDependency;
			package = D466A26E2C170CCD00AA2954 /* XCRemoteSwiftPackageReference "SnapKit" */;
			productName = SnapKit;
		};
		D466A2722C170CD400AA2954 /* Alamofire */ = {
			isa = XCSwiftPackageProductDependency;
			package = D466A2712C170CD400AA2954 /* XCRemoteSwiftPackageReference "Alamofire" */;
			productName = Alamofire;
		};
		D466A2752C170CE000AA2954 /* Kingfisher */ = {
			isa = XCSwiftPackageProductDependency;
			package = D466A2742C170CE000AA2954 /* XCRemoteSwiftPackageReference "Kingfisher" */;
			productName = Kingfisher;
		};
/* End XCSwiftPackageProductDependency section */
	};
	rootObject = D466A24F2C170C8700AA2954 /* Project object */;
}
